
Microsoft Visual Studio Solution File, Format Version 12.00
# Visual Studio Version 17
VisualStudioVersion = 17.8.34330.188
MinimumVisualStudioVersion = 10.0.40219.1
Project("{FAE04EC0-301F-11D3-BF4B-00C04F79EFBC}") = "RestWithASPNETUdemy", "RestWithASPNETUdemy\RestWithASPNETUdemy.csproj", "{04F86DE4-1B0B-4328-BC38-D1EE20C8729B}"
EndProject
Global
	GlobalSection(SolutionConfigurationPlatforms) = preSolution
		Debug|Any CPU = Debug|Any CPU
		Release|Any CPU = Release|Any CPU
	EndGlobalSection
	GlobalSection(ProjectConfigurationPlatforms) = postSolution
		{04F86DE4-1B0B-4328-BC38-D1EE20C8729B}.Debug|Any CPU.ActiveCfg = Debug|Any CPU
		{04F86DE4-1B0B-4328-BC38-D1EE20C8729B}.Debug|Any CPU.Build.0 = Debug|Any CPU
		{04F86DE4-1B0B-4328-BC38-D1EE20C8729B}.Release|Any CPU.ActiveCfg = Release|Any CPU
		{04F86DE4-1B0B-4328-BC38-D1EE20C8729B}.Release|Any CPU.Build.0 = Release|Any CPU
	EndGlobalSection
	GlobalSection(SolutionProperties) = preSolution
		HideSolutionNode = FALSE
	EndGlobalSection
	GlobalSection(ExtensibilityGlobals) = postSolution
		SolutionGuid = {42CAED89-AFBB-4A54-BF0D-5768AAA1A016}
	EndGlobalSection
EndGlobal
